
Microsoft Visual Studio Solution File, Format Version 12.00
# Visual Studio Version 17
VisualStudioVersion = 17.0.31903.59
MinimumVisualStudioVersion = 10.0.40219.1
Project("{2150E333-8FDC-42A3-9474-1A3956D46DE8}") = "src", "src", "{65244E60-80A0-4B63-9280-2A3CE7232922}"
EndProject
Project("{FAE04EC0-301F-11D3-BF4B-00C04F79EFBC}") = "Soms.Dev.Cryptography", "src\Soms.Dev.Cryptography\Soms.Dev.Cryptography.csproj", "{9CA4A122-1A31-4B23-ACEB-CA021DFF41F6}"
EndProject
Project("{FAE04EC0-301F-11D3-BF4B-00C04F79EFBC}") = "Soms.Dev.Cryptography.Tests", "src\Soms.Dev.Cryptography.Tests\Soms.Dev.Cryptography.Tests.csproj", "{90D9B720-A2C8-4B84-B210-BD5662593B69}"
EndProject
Global
	GlobalSection(SolutionConfigurationPlatforms) = preSolution
		Debug|Any CPU = Debug|Any CPU
		Release|Any CPU = Release|Any CPU
	EndGlobalSection
	GlobalSection(SolutionProperties) = preSolution
		HideSolutionNode = FALSE
	EndGlobalSection
	GlobalSection(ProjectConfigurationPlatforms) = postSolution
		{9CA4A122-1A31-4B23-ACEB-CA021DFF41F6}.Debug|Any CPU.ActiveCfg = Debug|Any CPU
		{9CA4A122-1A31-4B23-ACEB-CA021DFF41F6}.Debug|Any CPU.Build.0 = Debug|Any CPU
		{9CA4A122-1A31-4B23-ACEB-CA021DFF41F6}.Release|Any CPU.ActiveCfg = Release|Any CPU
		{9CA4A122-1A31-4B23-ACEB-CA021DFF41F6}.Release|Any CPU.Build.0 = Release|Any CPU
		{90D9B720-A2C8-4B84-B210-BD5662593B69}.Debug|Any CPU.ActiveCfg = Debug|Any CPU
		{90D9B720-A2C8-4B84-B210-BD5662593B69}.Debug|Any CPU.Build.0 = Debug|Any CPU
		{90D9B720-A2C8-4B84-B210-BD5662593B69}.Release|Any CPU.ActiveCfg = Release|Any CPU
		{90D9B720-A2C8-4B84-B210-BD5662593B69}.Release|Any CPU.Build.0 = Release|Any CPU
	EndGlobalSection
	GlobalSection(NestedProjects) = preSolution
		{9CA4A122-1A31-4B23-ACEB-CA021DFF41F6} = {65244E60-80A0-4B63-9280-2A3CE7232922}
		{90D9B720-A2C8-4B84-B210-BD5662593B69} = {65244E60-80A0-4B63-9280-2A3CE7232922}
	EndGlobalSection
EndGlobal
